
Microsoft Visual Studio Solution File, Format Version 12.00
# Visual Studio 15
VisualStudioVersion = 15.0.28307.1000
MinimumVisualStudioVersion = 10.0.40219.1
Project("{FAE04EC0-301F-11D3-BF4B-00C04F79EFBC}") = "GreekAmkaGenerator", "GreekAmkaGenerator\GreekAmkaGenerator.csproj", "{EBCF318A-1499-4652-971B-189C89CC9C21}"
EndProject
Global
	GlobalSection(SolutionConfigurationPlatforms) = preSolution
		Debug|Any CPU = Debug|Any CPU
		Release|Any CPU = Release|Any CPU
	EndGlobalSection
	GlobalSection(ProjectConfigurationPlatforms) = postSolution
		{EBCF318A-1499-4652-971B-189C89CC9C21}.Debug|Any CPU.ActiveCfg = Debug|Any CPU
		{EBCF318A-1499-4652-971B-189C89CC9C21}.Debug|Any CPU.Build.0 = Debug|Any CPU
		{EBCF318A-1499-4652-971B-189C89CC9C21}.Release|Any CPU.ActiveCfg = Release|Any CPU
		{EBCF318A-1499-4652-971B-189C89CC9C21}.Release|Any CPU.Build.0 = Release|Any CPU
	EndGlobalSection
	GlobalSection(SolutionProperties) = preSolution
		HideSolutionNode = FALSE
	EndGlobalSection
	GlobalSection(ExtensibilityGlobals) = postSolution
		SolutionGuid = {BBBC3C5A-F874-4159-934B-894860559342}
	EndGlobalSection
EndGlobal
